// !$*UTF8*$!
{
	archiveVersion = 1;
	classes = {
	};
	objectVersion = 46;
	objects = {

/* Begin PBXBuildFile section */
		1A0DB6EC1E94874100CA4F43 /* main.m in Sources */ = {isa = PBXBuildFile; fileRef = 1A0DB6EB1E94874100CA4F43 /* main.m */; };
		1A0DB6EF1E94874100CA4F43 /* AppDelegate.m in Sources */ = {isa = PBXBuildFile; fileRef = 1A0DB6EE1E94874100CA4F43 /* AppDelegate.m */; };
		1A0DB6F21E94874100CA4F43 /* ViewController.m in Sources */ = {isa = PBXBuildFile; fileRef = 1A0DB6F11E94874100CA4F43 /* ViewController.m */; };
		1A0DB6F51E94874100CA4F43 /* Main.storyboard in Resources */ = {isa = PBXBuildFile; fileRef = 1A0DB6F31E94874100CA4F43 /* Main.storyboard */; };
		1A0DB6F71E94874100CA4F43 /* Assets.xcassets in Resources */ = {isa = PBXBuildFile; fileRef = 1A0DB6F61E94874100CA4F43 /* Assets.xcassets */; };
		1A0DB6FA1E94874100CA4F43 /* LaunchScreen.storyboard in Resources */ = {isa = PBXBuildFile; fileRef = 1A0DB6F81E94874100CA4F43 /* LaunchScreen.storyboard */; };
		1ABFF7B61E94C06D001AA498 /* TimeUtils.m in Sources */ = {isa = PBXBuildFile; fileRef = 1ABFF7B41E94C06D001AA498 /* TimeUtils.m */; };
		1AF4E65B1E94E5B8000D850E /* YBDatePickerView.m in Sources */ = {isa = PBXBuildFile; fileRef = 1AF4E65A1E94E5B8000D850E /* YBDatePickerView.m */; };
		6B3A5E4D6541E4256BC3466F /* libPods-YBPickerView.a in Frameworks */ = {isa = PBXBuildFile; fileRef = 3C9313F83E03BCFC8DD1C413 /* libPods-YBPickerView.a */; };
/* End PBXBuildFile section */

/* Begin PBXFileReference section */
		1A0DB6E71E94874100CA4F43 /* YBPickerView.app */ = {isa = PBXFileReference; explicitFileType = wrapper.application; includeInIndex = 0; path = YBPickerView.app; sourceTree = BUILT_PRODUCTS_DIR; };
		1A0DB6EB1E94874100CA4F43 /* main.m */ = {isa = PBXFileReference; lastKnownFileType = sourcecode.c.objc; path = main.m; sourceTree = "<group>"; };
		1A0DB6ED1E94874100CA4F43 /* AppDelegate.h */ = {isa = PBXFileReference; lastKnownFileType = sourcecode.c.h; path = AppDelegate.h; sourceTree = "<group>"; };
		1A0DB6EE1E94874100CA4F43 /* AppDelegate.m */ = {isa = PBXFileReference; lastKnownFileType = sourcecode.c.objc; path = AppDelegate.m; sourceTree = "<group>"; };
		1A0DB6F01E94874100CA4F43 /* ViewController.h */ = {isa = PBXFileReference; lastKnownFileType = sourcecode.c.h; path = ViewController.h; sourceTree = "<group>"; };
		1A0DB6F11E94874100CA4F43 /* ViewController.m */ = {isa = PBXFileReference; lastKnownFileType = sourcecode.c.objc; path = ViewController.m; sourceTree = "<group>"; };
		1A0DB6F41E94874100CA4F43 /* Base */ = {isa = PBXFileReference; lastKnownFileType = file.storyboard; name = Base; path = Base.lproj/Main.storyboard; sourceTree = "<group>"; };
		1A0DB6F61E94874100CA4F43 /* Assets.xcassets */ = {isa = PBXFileReference; lastKnownFileType = folder.assetcatalog; path = Assets.xcassets; sourceTree = "<group>"; };
		1A0DB6F91E94874100CA4F43 /* Base */ = {isa = PBXFileReference; lastKnownFileType = file.storyboard; name = Base; path = Base.lproj/LaunchScreen.storyboard; sourceTree = "<group>"; };
		1A0DB6FB1E94874100CA4F43 /* Info.plist */ = {isa = PBXFileReference; lastKnownFileType = text.plist.xml; path = Info.plist; sourceTree = "<group>"; };
		1ABFF7B41E94C06D001AA498 /* TimeUtils.m */ = {isa = PBXFileReference; fileEncoding = 4; lastKnownFileType = sourcecode.c.objc; path = TimeUtils.m; sourceTree = "<group>"; };
		1ABFF7B51E94C06D001AA498 /* TimeUtils.h */ = {isa = PBXFileReference; fileEncoding = 4; lastKnownFileType = sourcecode.c.h; path = TimeUtils.h; sourceTree = "<group>"; };
		1AF4E6591E94E5B8000D850E /* YBDatePickerView.h */ = {isa = PBXFileReference; fileEncoding = 4; lastKnownFileType = sourcecode.c.h; path = YBDatePickerView.h; sourceTree = "<group>"; };
		1AF4E65A1E94E5B8000D850E /* YBDatePickerView.m */ = {isa = PBXFileReference; fileEncoding = 4; lastKnownFileType = sourcecode.c.objc; path = YBDatePickerView.m; sourceTree = "<group>"; };
		3C9313F83E03BCFC8DD1C413 /* libPods-YBPickerView.a */ = {isa = PBXFileReference; explicitFileType = archive.ar; includeInIndex = 0; path = "libPods-YBPickerView.a"; sourceTree = BUILT_PRODUCTS_DIR; };
		BBE0948C8EC0EF8B9B074300 /* Pods-YBPickerView.debug.xcconfig */ = {isa = PBXFileReference; includeInIndex = 1; lastKnownFileType = text.xcconfig; name = "Pods-YBPickerView.debug.xcconfig"; path = "Pods/Target Support Files/Pods-YBPickerView/Pods-YBPickerView.debug.xcconfig"; sourceTree = "<group>"; };
		D10C9D83223D3250098C7B43 /* Pods-YBPickerView.release.xcconfig */ = {isa = PBXFileReference; includeInIndex = 1; lastKnownFileType = text.xcconfig; name = "Pods-YBPickerView.release.xcconfig"; path = "Pods/Target Support Files/Pods-YBPickerView/Pods-YBPickerView.release.xcconfig"; sourceTree = "<group>"; };
/* End PBXFileReference section */

/* Begin PBXFrameworksBuildPhase section */
		1A0DB6E41E94874100CA4F43 /* Frameworks */ = {
			isa = PBXFrameworksBuildPhase;
			buildActionMask = 2147483647;
			files = (
				6B3A5E4D6541E4256BC3466F /* libPods-YBPickerView.a in Frameworks */,
			);
			runOnlyForDeploymentPostprocessing = 0;
		};
/* End PBXFrameworksBuildPhase section */

/* Begin PBXGroup section */
		1A0DB6DE1E94874000CA4F43 = {
			isa = PBXGroup;
			children = (
				1A0DB6E91E94874100CA4F43 /* YBPickerView */,
				1A0DB6E81E94874100CA4F43 /* Products */,
				415187DBDB7349B5256D8E95 /* Pods */,
				CF9317798309A4B6941C9BC8 /* Frameworks */,
			);
			sourceTree = "<group>";
		};
		1A0DB6E81E94874100CA4F43 /* Products */ = {
			isa = PBXGroup;
			children = (
				1A0DB6E71E94874100CA4F43 /* YBPickerView.app */,
			);
			name = Products;
			sourceTree = "<group>";
		};
		1A0DB6E91E94874100CA4F43 /* YBPickerView */ = {
			isa = PBXGroup;
			children = (
				1A0DB6ED1E94874100CA4F43 /* AppDelegate.h */,
				1A0DB6EE1E94874100CA4F43 /* AppDelegate.m */,
				1A0DB6F01E94874100CA4F43 /* ViewController.h */,
				1A0DB6F11E94874100CA4F43 /* ViewController.m */,
				1A0DB6F31E94874100CA4F43 /* Main.storyboard */,
				1AF4E6591E94E5B8000D850E /* YBDatePickerView.h */,
				1AF4E65A1E94E5B8000D850E /* YBDatePickerView.m */,
				1A0DB6F61E94874100CA4F43 /* Assets.xcassets */,
				1A0DB6F81E94874100CA4F43 /* LaunchScreen.storyboard */,
				1A0DB6FB1E94874100CA4F43 /* Info.plist */,
				1ABFF7B51E94C06D001AA498 /* TimeUtils.h */,
				1ABFF7B41E94C06D001AA498 /* TimeUtils.m */,
				1A0DB6EA1E94874100CA4F43 /* Supporting Files */,
			);
			path = YBPickerView;
			sourceTree = "<group>";
		};
		1A0DB6EA1E94874100CA4F43 /* Supporting Files */ = {
			isa = PBXGroup;
			children = (
				1A0DB6EB1E94874100CA4F43 /* main.m */,
			);
			name = "Supporting Files";
			sourceTree = "<group>";
		};
		415187DBDB7349B5256D8E95 /* Pods */ = {
			isa = PBXGroup;
			children = (
				BBE0948C8EC0EF8B9B074300 /* Pods-YBPickerView.debug.xcconfig */,
				D10C9D83223D3250098C7B43 /* Pods-YBPickerView.release.xcconfig */,
			);
			name = Pods;
			sourceTree = "<group>";
		};
		CF9317798309A4B6941C9BC8 /* Frameworks */ = {
			isa = PBXGroup;
			children = (
				3C9313F83E03BCFC8DD1C413 /* libPods-YBPickerView.a */,
			);
			name = Frameworks;
			sourceTree = "<group>";
		};
/* End PBXGroup section */

/* Begin PBXNativeTarget section */
		1A0DB6E61E94874100CA4F43 /* YBPickerView */ = {
			isa = PBXNativeTarget;
			buildConfigurationList = 1A0DB6FE1E94874100CA4F43 /* Build configuration list for PBXNativeTarget "YBPickerView" */;
			buildPhases = (
				13A279133DB3742C4EDED8B3 /* [CP] Check Pods Manifest.lock */,
				1A0DB6E31E94874100CA4F43 /* Sources */,
				1A0DB6E41E94874100CA4F43 /* Frameworks */,
				1A0DB6E51E94874100CA4F43 /* Resources */,
				F3D88770234963595EE1D300 /* [CP] Embed Pods Frameworks */,
				FC6A81B3ADC728B1CCF44AAD /* [CP] Copy Pods Resources */,
			);
			buildRules = (
			);
			dependencies = (
			);
			name = YBPickerView;
			productName = YBPickerView;
			productReference = 1A0DB6E71E94874100CA4F43 /* YBPickerView.app */;
			productType = "com.apple.product-type.application";
		};
/* End PBXNativeTarget section */

/* Begin PBXProject section */
		1A0DB6DF1E94874000CA4F43 /* Project object */ = {
			isa = PBXProject;
			attributes = {
				LastUpgradeCheck = 0830;
				ORGANIZATIONNAME = "一波";
				TargetAttributes = {
					1A0DB6E61E94874100CA4F43 = {
						CreatedOnToolsVersion = 8.3;
						DevelopmentTeam = 4X428NXEP5;
						ProvisioningStyle = Automatic;
					};
				};
			};
			buildConfigurationList = 1A0DB6E21E94874000CA4F43 /* Build configuration list for PBXProject "YBPickerView" */;
			compatibilityVersion = "Xcode 3.2";
			developmentRegion = English;
			hasScannedForEncodings = 0;
			knownRegions = (
				en,
				Base,
			);
			mainGroup = 1A0DB6DE1E94874000CA4F43;
			productRefGroup = 1A0DB6E81E94874100CA4F43 /* Products */;
			projectDirPath = "";
			projectRoot = "";
			targets = (
				1A0DB6E61E94874100CA4F43 /* YBPickerView */,
			);
		};
/* End PBXProject section */

/* Begin PBXResourcesBuildPhase section */
		1A0DB6E51E94874100CA4F43 /* Resources */ = {
			isa = PBXResourcesBuildPhase;
			buildActionMask = 2147483647;
			files = (
				1A0DB6FA1E94874100CA4F43 /* LaunchScreen.storyboard in Resources */,
				1A0DB6F71E94874100CA4F43 /* Assets.xcassets in Resources */,
				1A0DB6F51E94874100CA4F43 /* Main.storyboard in Resources */,
			);
			runOnlyForDeploymentPostprocessing = 0;
		};
/* End PBXResourcesBuildPhase section */

/* Begin PBXShellScriptBuildPhase section */
		13A279133DB3742C4EDED8B3 /* [CP] Check Pods Manifest.lock */ = {
			isa = PBXShellScriptBuildPhase;
			buildActionMask = 2147483647;
			files = (
			);
			inputPaths = (
			);
			name = "[CP] Check Pods Manifest.lock";
			outputPaths = (
			);
			runOnlyForDeploymentPostprocessing = 0;
			shellPath = /bin/sh;
			shellScript = "diff \"${PODS_ROOT}/../Podfile.lock\" \"${PODS_ROOT}/Manifest.lock\" > /dev/null\nif [ $? != 0 ] ; then\n    # print error to STDERR\n    echo \"error: The sandbox is not in sync with the Podfile.lock. Run 'pod install' or update your CocoaPods installation.\" >&2\n    exit 1\nfi\n";
			showEnvVarsInLog = 0;
		};
		F3D88770234963595EE1D300 /* [CP] Embed Pods Frameworks */ = {
			isa = PBXShellScriptBuildPhase;
			buildActionMask = 2147483647;
			files = (
			);
			inputPaths = (
			);
			name = "[CP] Embed Pods Frameworks";
			outputPaths = (
			);
			runOnlyForDeploymentPostprocessing = 0;
			shellPath = /bin/sh;
			shellScript = "\"${SRCROOT}/Pods/Target Support Files/Pods-YBPickerView/Pods-YBPickerView-frameworks.sh\"\n";
			showEnvVarsInLog = 0;
		};
		FC6A81B3ADC728B1CCF44AAD /* [CP] Copy Pods Resources */ = {
			isa = PBXShellScriptBuildPhase;
			buildActionMask = 2147483647;
			files = (
			);
			inputPaths = (
			);
			name = "[CP] Copy Pods Resources";
			outputPaths = (
			);
			runOnlyForDeploymentPostprocessing = 0;
			shellPath = /bin/sh;
			shellScript = "\"${SRCROOT}/Pods/Target Support Files/Pods-YBPickerView/Pods-YBPickerView-resources.sh\"\n";
			showEnvVarsInLog = 0;
		};
/* End PBXShellScriptBuildPhase section */

/* Begin PBXSourcesBuildPhase section */
		1A0DB6E31E94874100CA4F43 /* Sources */ = {
			isa = PBXSourcesBuildPhase;
			buildActionMask = 2147483647;
			files = (
				1A0DB6F21E94874100CA4F43 /* ViewController.m in Sources */,
				1AF4E65B1E94E5B8000D850E /* YBDatePickerView.m in Sources */,
				1A0DB6EF1E94874100CA4F43 /* AppDelegate.m in Sources */,
				1ABFF7B61E94C06D001AA498 /* TimeUtils.m in Sources */,
				1A0DB6EC1E94874100CA4F43 /* main.m in Sources */,
			);
			runOnlyForDeploymentPostprocessing = 0;
		};
/* End PBXSourcesBuildPhase section */

/* Begin PBXVariantGroup section */
		1A0DB6F31E94874100CA4F43 /* Main.storyboard */ = {
			isa = PBXVariantGroup;
			children = (
				1A0DB6F41E94874100CA4F43 /* Base */,
			);
			name = Main.storyboard;
			sourceTree = "<group>";
		};
		1A0DB6F81E94874100CA4F43 /* LaunchScreen.storyboard */ = {
			isa = PBXVariantGroup;
			children = (
				1A0DB6F91E94874100CA4F43 /* Base */,
			);
			name = LaunchScreen.storyboard;
			sourceTree = "<group>";
		};
/* End PBXVariantGroup section */

/* Begin XCBuildConfiguration section */
		1A0DB6FC1E94874100CA4F43 /* Debug */ = {
			isa = XCBuildConfiguration;
			buildSettings = {
				ALWAYS_SEARCH_USER_PATHS = NO;
				CLANG_ANALYZER_NONNULL = YES;
				CLANG_ANALYZER_NUMBER_OBJECT_CONVERSION = YES_AGGRESSIVE;
				CLANG_CXX_LANGUAGE_STANDARD = "gnu++0x";
				CLANG_CXX_LIBRARY = "libc++";
				CLANG_ENABLE_MODULES = YES;
				CLANG_ENABLE_OBJC_ARC = YES;
				CLANG_WARN_BOOL_CONVERSION = YES;
				CLANG_WARN_CONSTANT_CONVERSION = YES;
				CLANG_WARN_DIRECT_OBJC_ISA_USAGE = YES_ERROR;
				CLANG_WARN_DOCUMENTATION_COMMENTS = YES;
				CLANG_WARN_EMPTY_BODY = YES;
				CLANG_WARN_ENUM_CONVERSION = YES;
				CLANG_WARN_INFINITE_RECURSION = YES;
				CLANG_WARN_INT_CONVERSION = YES;
				CLANG_WARN_OBJC_ROOT_CLASS = YES_ERROR;
				CLANG_WARN_SUSPICIOUS_MOVE = YES;
				CLANG_WARN_UNREACHABLE_CODE = YES;
				CLANG_WARN__DUPLICATE_METHOD_MATCH = YES;
				"CODE_SIGN_IDENTITY[sdk=iphoneos*]" = "iPhone Developer";
				COPY_PHASE_STRIP = NO;
				DEBUG_INFORMATION_FORMAT = dwarf;
				ENABLE_STRICT_OBJC_MSGSEND = YES;
				ENABLE_TESTABILITY = YES;
				GCC_C_LANGUAGE_STANDARD = gnu99;
				GCC_DYNAMIC_NO_PIC = NO;
				GCC_NO_COMMON_BLOCKS = YES;
				GCC_OPTIMIZATION_LEVEL = 0;
				GCC_PREPROCESSOR_DEFINITIONS = (
					"DEBUG=1",
					"$(inherited)",
				);
				GCC_WARN_64_TO_32_BIT_CONVERSION = YES;
				GCC_WARN_ABOUT_RETURN_TYPE = YES_ERROR;
				GCC_WARN_UNDECLARED_SELECTOR = YES;
				GCC_WARN_UNINITIALIZED_AUTOS = YES_AGGRESSIVE;
				GCC_WARN_UNUSED_FUNCTION = YES;
				GCC_WARN_UNUSED_VARIABLE = YES;
				IPHONEOS_DEPLOYMENT_TARGET = 10.3;
				MTL_ENABLE_DEBUG_INFO = YES;
				ONLY_ACTIVE_ARCH = YES;
				SDKROOT = iphoneos;
				TARGETED_DEVICE_FAMILY = "1,2";
			};
			name = Debug;
		};
		1A0DB6FD1E94874100CA4F43 /* Release */ = {
			isa = XCBuildConfiguration;
			buildSettings = {
				ALWAYS_SEARCH_USER_PATHS = NO;
				CLANG_ANALYZER_NONNULL = YES;
				CLANG_ANALYZER_NUMBER_OBJECT_CONVERSION = YES_AGGRESSIVE;
				CLANG_CXX_LANGUAGE_STANDARD = "gnu++0x";
				CLANG_CXX_LIBRARY = "libc++";
				CLANG_ENABLE_MODULES = YES;
				CLANG_ENABLE_OBJC_ARC = YES;
				CLANG_WARN_BOOL_CONVERSION = YES;
				CLANG_WARN_CONSTANT_CONVERSION = YES;
				CLANG_WARN_DIRECT_OBJC_ISA_USAGE = YES_ERROR;
				CLANG_WARN_DOCUMENTATION_COMMENTS = YES;
				CLANG_WARN_EMPTY_BODY = YES;
				CLANG_WARN_ENUM_CONVERSION = YES;
				CLANG_WARN_INFINITE_RECURSION = YES;
				CLANG_WARN_INT_CONVERSION = YES;
				CLANG_WARN_OBJC_ROOT_CLASS = YES_ERROR;
				CLANG_WARN_SUSPICIOUS_MOVE = YES;
				CLANG_WARN_UNREACHABLE_CODE = YES;
				CLANG_WARN__DUPLICATE_METHOD_MATCH = YES;
				"CODE_SIGN_IDENTITY[sdk=iphoneos*]" = "iPhone Developer";
				COPY_PHASE_STRIP = NO;
				DEBUG_INFORMATION_FORMAT = "dwarf-with-dsym";
				ENABLE_NS_ASSERTIONS = NO;
				ENABLE_STRICT_OBJC_MSGSEND = YES;
				GCC_C_LANGUAGE_STANDARD = gnu99;
				GCC_NO_COMMON_BLOCKS = YES;
				GCC_WARN_64_TO_32_BIT_CONVERSION = YES;
				GCC_WARN_ABOUT_RETURN_TYPE = YES_ERROR;
				GCC_WARN_UNDECLARED_SELECTOR = YES;
				GCC_WARN_UNINITIALIZED_AUTOS = YES_AGGRESSIVE;
				GCC_WARN_UNUSED_FUNCTION = YES;
				GCC_WARN_UNUSED_VARIABLE = YES;
				IPHONEOS_DEPLOYMENT_TARGET = 10.3;
				MTL_ENABLE_DEBUG_INFO = NO;
				SDKROOT = iphoneos;
				TARGETED_DEVICE_FAMILY = "1,2";
				VALIDATE_PRODUCT = YES;
			};
			name = Release;
		};
		1A0DB6FF1E94874100CA4F43 /* Debug */ = {
			isa = XCBuildConfiguration;
			baseConfigurationReference = BBE0948C8EC0EF8B9B074300 /* Pods-YBPickerView.debug.xcconfig */;
			buildSettings = {
				ASSETCATALOG_COMPILER_APPICON_NAME = AppIcon;
				DEVELOPMENT_TEAM = 4X428NXEP5;
				INFOPLIST_FILE = YBPickerView/Info.plist;
				LD_RUNPATH_SEARCH_PATHS = "$(inherited) @executable_path/Frameworks";
				PRODUCT_BUNDLE_IDENTIFIER = com.jihenghealth.YBPickerView;
				PRODUCT_NAME = "$(TARGET_NAME)";
			};
			name = Debug;
		};
		1A0DB7001E94874100CA4F43 /* Release */ = {
			isa = XCBuildConfiguration;
			baseConfigurationReference = D10C9D83223D3250098C7B43 /* Pods-YBPickerView.release.xcconfig */;
			buildSettings = {
				ASSETCATALOG_COMPILER_APPICON_NAME = AppIcon;
				DEVELOPMENT_TEAM = 4X428NXEP5;
				INFOPLIST_FILE = YBPickerView/Info.plist;
				LD_RUNPATH_SEARCH_PATHS = "$(inherited) @executable_path/Frameworks";
				PRODUCT_BUNDLE_IDENTIFIER = com.jihenghealth.YBPickerView;
				PRODUCT_NAME = "$(TARGET_NAME)";
			};
			name = Release;
		};
/* End XCBuildConfiguration section */

/* Begin XCConfigurationList section */
		1A0DB6E21E94874000CA4F43 /* Build configuration list for PBXProject "YBPickerView" */ = {
			isa = XCConfigurationList;
			buildConfigurations = (
				1A0DB6FC1E94874100CA4F43 /* Debug */,
				1A0DB6FD1E94874100CA4F43 /* Release */,
			);
			defaultConfigurationIsVisible = 0;
			defaultConfigurationName = Release;
		};
		1A0DB6FE1E94874100CA4F43 /* Build configuration list for PBXNativeTarget "YBPickerView" */ = {
			isa = XCConfigurationList;
			buildConfigurations = (
				1A0DB6FF1E94874100CA4F43 /* Debug */,
				1A0DB7001E94874100CA4F43 /* Release */,
			);
			defaultConfigurationIsVisible = 0;
			defaultConfigurationName = Release;
		};
/* End XCConfigurationList section */
	};
	rootObject = 1A0DB6DF1E94874000CA4F43 /* Project object */;
}
